
Microsoft Visual Studio Solution File, Format Version 12.00
# Visual Studio 15
VisualStudioVersion = 15.0.28307.1062
MinimumVisualStudioVersion = 10.0.40219.1
Project("{8BC9CEB8-8B4A-11D0-8D11-00A0C91BC942}") = "Random_Int_Game", "Random_Int_Game\Random_Int_Game.vcxproj", "{1F3E9CE8-4B20-4B99-BF21-08AB029C98CE}"
EndProject
Global
	GlobalSection(SolutionConfigurationPlatforms) = preSolution
		Debug|x64 = Debug|x64
		Debug|x86 = Debug|x86
		Release|x64 = Release|x64
		Release|x86 = Release|x86
	EndGlobalSection
	GlobalSection(ProjectConfigurationPlatforms) = postSolution
		{1F3E9CE8-4B20-4B99-BF21-08AB029C98CE}.Debug|x64.ActiveCfg = Debug|x64
		{1F3E9CE8-4B20-4B99-BF21-08AB029C98CE}.Debug|x64.Build.0 = Debug|x64
		{1F3E9CE8-4B20-4B99-BF21-08AB029C98CE}.Debug|x86.ActiveCfg = Debug|Win32
		{1F3E9CE8-4B20-4B99-BF21-08AB029C98CE}.Debug|x86.Build.0 = Debug|Win32
		{1F3E9CE8-4B20-4B99-BF21-08AB029C98CE}.Release|x64.ActiveCfg = Release|x64
		{1F3E9CE8-4B20-4B99-BF21-08AB029C98CE}.Release|x64.Build.0 = Release|x64
		{1F3E9CE8-4B20-4B99-BF21-08AB029C98CE}.Release|x86.ActiveCfg = Release|Win32
		{1F3E9CE8-4B20-4B99-BF21-08AB029C98CE}.Release|x86.Build.0 = Release|Win32
	EndGlobalSection
	GlobalSection(SolutionProperties) = preSolution
		HideSolutionNode = FALSE
	EndGlobalSection
	GlobalSection(ExtensibilityGlobals) = postSolution
		SolutionGuid = {ADF6B9A3-951A-49CE-8EE9-F8B02498E9CF}
	EndGlobalSection
EndGlobal
